
Microsoft Visual Studio Solution File, Format Version 12.00
# Visual Studio 15
VisualStudioVersion = 15.0.28307.329
MinimumVisualStudioVersion = 10.0.40219.1
Project("{FAE04EC0-301F-11D3-BF4B-00C04F79EFBC}") = "FactoryPattern", "FactoryPattern\FactoryPattern.csproj", "{DDEF7013-7E98-4669-B421-FADF022D317C}"
EndProject
Global
	GlobalSection(SolutionConfigurationPlatforms) = preSolution
		Debug|Any CPU = Debug|Any CPU
		Release|Any CPU = Release|Any CPU
	EndGlobalSection
	GlobalSection(ProjectConfigurationPlatforms) = postSolution
		{DDEF7013-7E98-4669-B421-FADF022D317C}.Debug|Any CPU.ActiveCfg = Debug|Any CPU
		{DDEF7013-7E98-4669-B421-FADF022D317C}.Debug|Any CPU.Build.0 = Debug|Any CPU
		{DDEF7013-7E98-4669-B421-FADF022D317C}.Release|Any CPU.ActiveCfg = Release|Any CPU
		{DDEF7013-7E98-4669-B421-FADF022D317C}.Release|Any CPU.Build.0 = Release|Any CPU
	EndGlobalSection
	GlobalSection(SolutionProperties) = preSolution
		HideSolutionNode = FALSE
	EndGlobalSection
	GlobalSection(ExtensibilityGlobals) = postSolution
		SolutionGuid = {026057F5-D7D9-41A9-939E-307C827B88E1}
	EndGlobalSection
EndGlobal
